
Microsoft Visual Studio Solution File, Format Version 12.00
# Visual Studio Version 17
VisualStudioVersion = 17.11.35222.181
MinimumVisualStudioVersion = 10.0.40219.1
Project("{FAE04EC0-301F-11D3-BF4B-00C04F79EFBC}") = "ApplicationFundamentals", "ApplicationFundamentals.csproj", "{0A8751D7-34EF-4F32-A932-DBEEA6C155EA}"
EndProject
Global
	GlobalSection(SolutionConfigurationPlatforms) = preSolution
		Debug|Any CPU = Debug|Any CPU
		Release|Any CPU = Release|Any CPU
	EndGlobalSection
	GlobalSection(ProjectConfigurationPlatforms) = postSolution
		{0A8751D7-34EF-4F32-A932-DBEEA6C155EA}.Debug|Any CPU.ActiveCfg = Debug|Any CPU
		{0A8751D7-34EF-4F32-A932-DBEEA6C155EA}.Debug|Any CPU.Build.0 = Debug|Any CPU
		{0A8751D7-34EF-4F32-A932-DBEEA6C155EA}.Debug|Any CPU.Deploy.0 = Debug|Any CPU
		{0A8751D7-34EF-4F32-A932-DBEEA6C155EA}.Release|Any CPU.ActiveCfg = Release|Any CPU
		{0A8751D7-34EF-4F32-A932-DBEEA6C155EA}.Release|Any CPU.Build.0 = Release|Any CPU
		{0A8751D7-34EF-4F32-A932-DBEEA6C155EA}.Release|Any CPU.Deploy.0 = Release|Any CPU
	EndGlobalSection
	GlobalSection(SolutionProperties) = preSolution
		HideSolutionNode = FALSE
	EndGlobalSection
	GlobalSection(ExtensibilityGlobals) = postSolution
		SolutionGuid = {24EE0614-98A5-4AEC-B060-E19266E0ABC0}
	EndGlobalSection
EndGlobal
